# This file is automatically @generated by Cargo.
# It is not intended for manual editing.
version = 4

[[package]]
name = "xtex-cli"
version = "0.0.0"
dependencies = [
 "xtex-core",
]

[[package]]
name = "xtex-core"
version = "0.0.0"

[[package]]
name = "xtex-lsp"
version = "0.0.0"
dependencies = [
 "xtex-core",
]
